{
  "name": "@samaryan57/blog-common",
  "version": "1.0.0",
  "lockfileVersion": 3,
  "requires": true,
  "packages": {
    "": {
      "name": "@samaryan57/blog-common",
      "version": "1.0.0",
      "license": "ISC",
      "dependencies": {
        "@samaryan57/blog-common": "^1.0.0",
        "zod": "^3.25.32"
      }
    },
    "node_modules/@samaryan57/blog-common": {
      "version": "1.0.0",
      "resolved": "https://registry.npmjs.org/@samaryan57/blog-common/-/blog-common-1.0.0.tgz",
      "integrity": "sha512-ZuEAJLIH5n+KM0KS4kX0/p8WRRSOM/jfTnm5OLu1TvUoAZM2sxOLHjajBNvnK789JU/FMQn7xGE2sekiZk9Smg==",
      "license": "ISC",
      "dependencies": {
        "zod": "^3.25.32"
      }
    },
    "node_modules/zod": {
      "version": "3.25.32",
      "resolved": "https://registry.npmjs.org/zod/-/zod-3.25.32.tgz",
      "integrity": "sha512-OSm2xTIRfW8CV5/QKgngwmQW/8aPfGdaQFlrGoErlgg/Epm7cjb6K6VEyExfe65a3VybUOnu381edLb0dfJl0g==",
      "license": "MIT",
      "funding": {
        "url": "https://github.com/sponsors/colinhacks"
      }
    }
  }
}
